
Microsoft Visual Studio Solution File, Format Version 12.00
# Visual Studio 15
VisualStudioVersion = 15.0.28307.421
MinimumVisualStudioVersion = 10.0.40219.1
Project("{FAE04EC0-301F-11D3-BF4B-00C04F79EFBC}") = "MinhHoaBook", "MinhHoaBook\MinhHoaBook.csproj", "{4917A3DA-CB61-4AB6-9B5D-1524D1D265A5}"
EndProject
Project("{FAE04EC0-301F-11D3-BF4B-00C04F79EFBC}") = "NUnitTestProject1", "NUnitTestProject1\NUnitTestProject1.csproj", "{7BABE004-7F90-4C67-B61C-E0CF4640037F}"
EndProject
Global
	GlobalSection(SolutionConfigurationPlatforms) = preSolution
		Debug|Any CPU = Debug|Any CPU
		Release|Any CPU = Release|Any CPU
	EndGlobalSection
	GlobalSection(ProjectConfigurationPlatforms) = postSolution
		{4917A3DA-CB61-4AB6-9B5D-1524D1D265A5}.Debug|Any CPU.ActiveCfg = Debug|Any CPU
		{4917A3DA-CB61-4AB6-9B5D-1524D1D265A5}.Debug|Any CPU.Build.0 = Debug|Any CPU
		{4917A3DA-CB61-4AB6-9B5D-1524D1D265A5}.Release|Any CPU.ActiveCfg = Release|Any CPU
		{4917A3DA-CB61-4AB6-9B5D-1524D1D265A5}.Release|Any CPU.Build.0 = Release|Any CPU
		{7BABE004-7F90-4C67-B61C-E0CF4640037F}.Debug|Any CPU.ActiveCfg = Debug|Any CPU
		{7BABE004-7F90-4C67-B61C-E0CF4640037F}.Debug|Any CPU.Build.0 = Debug|Any CPU
		{7BABE004-7F90-4C67-B61C-E0CF4640037F}.Release|Any CPU.ActiveCfg = Release|Any CPU
		{7BABE004-7F90-4C67-B61C-E0CF4640037F}.Release|Any CPU.Build.0 = Release|Any CPU
	EndGlobalSection
	GlobalSection(SolutionProperties) = preSolution
		HideSolutionNode = FALSE
	EndGlobalSection
	GlobalSection(ExtensibilityGlobals) = postSolution
		SolutionGuid = {AD38BF39-D1F1-471C-8119-400BE2E10921}
	EndGlobalSection
EndGlobal
